
Microsoft Visual Studio Solution File, Format Version 12.00
# Visual Studio Version 16
VisualStudioVersion = 16.0.30611.23
MinimumVisualStudioVersion = 10.0.40219.1
Project("{FAE04EC0-301F-11D3-BF4B-00C04F79EFBC}") = "RestaurantRater", "RestaurantRater\RestaurantRater.csproj", "{4E057BF6-EED4-40B0-8A10-E73CE1ED338D}"
EndProject
Global
	GlobalSection(SolutionConfigurationPlatforms) = preSolution
		Debug|Any CPU = Debug|Any CPU
		Release|Any CPU = Release|Any CPU
	EndGlobalSection
	GlobalSection(ProjectConfigurationPlatforms) = postSolution
		{4E057BF6-EED4-40B0-8A10-E73CE1ED338D}.Debug|Any CPU.ActiveCfg = Debug|Any CPU
		{4E057BF6-EED4-40B0-8A10-E73CE1ED338D}.Debug|Any CPU.Build.0 = Debug|Any CPU
		{4E057BF6-EED4-40B0-8A10-E73CE1ED338D}.Release|Any CPU.ActiveCfg = Release|Any CPU
		{4E057BF6-EED4-40B0-8A10-E73CE1ED338D}.Release|Any CPU.Build.0 = Release|Any CPU
	EndGlobalSection
	GlobalSection(SolutionProperties) = preSolution
		HideSolutionNode = FALSE
	EndGlobalSection
	GlobalSection(ExtensibilityGlobals) = postSolution
		SolutionGuid = {B5FBBBFE-D126-44AB-A77D-AAAA10948BE1}
	EndGlobalSection
EndGlobal
